
Microsoft Visual Studio Solution File, Format Version 12.00
# Visual Studio Version 16
VisualStudioVersion = 16.0.30804.86
MinimumVisualStudioVersion = 10.0.40219.1
Project("{FAE04EC0-301F-11D3-BF4B-00C04F79EFBC}") = "api-gateway", "api-gateway\api-gateway.csproj", "{A5B33E84-DECE-42E3-B1FD-E6C70483AB62}"
EndProject
Global
	GlobalSection(SolutionConfigurationPlatforms) = preSolution
		Debug|Any CPU = Debug|Any CPU
		Release|Any CPU = Release|Any CPU
	EndGlobalSection
	GlobalSection(ProjectConfigurationPlatforms) = postSolution
		{A5B33E84-DECE-42E3-B1FD-E6C70483AB62}.Debug|Any CPU.ActiveCfg = Debug|Any CPU
		{A5B33E84-DECE-42E3-B1FD-E6C70483AB62}.Debug|Any CPU.Build.0 = Debug|Any CPU
		{A5B33E84-DECE-42E3-B1FD-E6C70483AB62}.Release|Any CPU.ActiveCfg = Release|Any CPU
		{A5B33E84-DECE-42E3-B1FD-E6C70483AB62}.Release|Any CPU.Build.0 = Release|Any CPU
	EndGlobalSection
	GlobalSection(SolutionProperties) = preSolution
		HideSolutionNode = FALSE
	EndGlobalSection
	GlobalSection(ExtensibilityGlobals) = postSolution
		SolutionGuid = {E4586920-AF7B-4152-A1E5-56196A9BD37C}
	EndGlobalSection
EndGlobal
